
Microsoft Visual Studio Solution File, Format Version 12.00
# Visual Studio Version 17
VisualStudioVersion = 17.5.33530.505
MinimumVisualStudioVersion = 10.0.40219.1
Project("{FAE04EC0-301F-11D3-BF4B-00C04F79EFBC}") = "TDD", "TDD\TDD.csproj", "{22BA7029-DD82-424A-ADFD-68F4FB7E6502}"
EndProject
Project("{FAE04EC0-301F-11D3-BF4B-00C04F79EFBC}") = "Tests", "Tests\Tests.csproj", "{96EFF784-E4FB-4B8F-8EF1-17DEFC67EC61}"
	ProjectSection(ProjectDependencies) = postProject
		{22BA7029-DD82-424A-ADFD-68F4FB7E6502} = {22BA7029-DD82-424A-ADFD-68F4FB7E6502}
	EndProjectSection
EndProject
Project("{FAE04EC0-301F-11D3-BF4B-00C04F79EFBC}") = "TestAdd.UnitTests", "TestAdd.UnitTests\TestAdd.UnitTests.csproj", "{D953FAA4-9335-4668-B861-E1A7E3C51E62}"
EndProject
Global
	GlobalSection(SolutionConfigurationPlatforms) = preSolution
		Debug|Any CPU = Debug|Any CPU
		Release|Any CPU = Release|Any CPU
	EndGlobalSection
	GlobalSection(ProjectConfigurationPlatforms) = postSolution
		{22BA7029-DD82-424A-ADFD-68F4FB7E6502}.Debug|Any CPU.ActiveCfg = Debug|Any CPU
		{22BA7029-DD82-424A-ADFD-68F4FB7E6502}.Debug|Any CPU.Build.0 = Debug|Any CPU
		{22BA7029-DD82-424A-ADFD-68F4FB7E6502}.Release|Any CPU.ActiveCfg = Release|Any CPU
		{22BA7029-DD82-424A-ADFD-68F4FB7E6502}.Release|Any CPU.Build.0 = Release|Any CPU
		{96EFF784-E4FB-4B8F-8EF1-17DEFC67EC61}.Debug|Any CPU.ActiveCfg = Debug|Any CPU
		{96EFF784-E4FB-4B8F-8EF1-17DEFC67EC61}.Debug|Any CPU.Build.0 = Debug|Any CPU
		{96EFF784-E4FB-4B8F-8EF1-17DEFC67EC61}.Release|Any CPU.ActiveCfg = Release|Any CPU
		{96EFF784-E4FB-4B8F-8EF1-17DEFC67EC61}.Release|Any CPU.Build.0 = Release|Any CPU
		{D953FAA4-9335-4668-B861-E1A7E3C51E62}.Debug|Any CPU.ActiveCfg = Debug|Any CPU
		{D953FAA4-9335-4668-B861-E1A7E3C51E62}.Debug|Any CPU.Build.0 = Debug|Any CPU
		{D953FAA4-9335-4668-B861-E1A7E3C51E62}.Release|Any CPU.ActiveCfg = Release|Any CPU
		{D953FAA4-9335-4668-B861-E1A7E3C51E62}.Release|Any CPU.Build.0 = Release|Any CPU
	EndGlobalSection
	GlobalSection(SolutionProperties) = preSolution
		HideSolutionNode = FALSE
	EndGlobalSection
	GlobalSection(ExtensibilityGlobals) = postSolution
		SolutionGuid = {113E65BB-0566-4D98-A85C-1A9944A356C1}
	EndGlobalSection
EndGlobal
